
Microsoft Visual Studio Solution File, Format Version 12.00
# Visual Studio Version 16
VisualStudioVersion = 16.0.29001.49
MinimumVisualStudioVersion = 10.0.40219.1
Project("{FAE04EC0-301F-11D3-BF4B-00C04F79EFBC}") = "VideoSite", "VideoSIte\VideoSite.csproj", "{62218E01-D449-455F-ADD6-9DF4ED906466}"
EndProject
Project("{FAE04EC0-301F-11D3-BF4B-00C04F79EFBC}") = "VideoCore", "VideoCore\VideoCore.csproj", "{4B01EFF1-677B-43D1-9172-67F60C098126}"
EndProject
Global
	GlobalSection(SolutionConfigurationPlatforms) = preSolution
		Debug|Any CPU = Debug|Any CPU
		Release|Any CPU = Release|Any CPU
	EndGlobalSection
	GlobalSection(ProjectConfigurationPlatforms) = postSolution
		{62218E01-D449-455F-ADD6-9DF4ED906466}.Debug|Any CPU.ActiveCfg = Debug|Any CPU
		{62218E01-D449-455F-ADD6-9DF4ED906466}.Debug|Any CPU.Build.0 = Debug|Any CPU
		{62218E01-D449-455F-ADD6-9DF4ED906466}.Release|Any CPU.ActiveCfg = Release|Any CPU
		{62218E01-D449-455F-ADD6-9DF4ED906466}.Release|Any CPU.Build.0 = Release|Any CPU
		{4B01EFF1-677B-43D1-9172-67F60C098126}.Debug|Any CPU.ActiveCfg = Debug|Any CPU
		{4B01EFF1-677B-43D1-9172-67F60C098126}.Debug|Any CPU.Build.0 = Debug|Any CPU
		{4B01EFF1-677B-43D1-9172-67F60C098126}.Release|Any CPU.ActiveCfg = Release|Any CPU
		{4B01EFF1-677B-43D1-9172-67F60C098126}.Release|Any CPU.Build.0 = Release|Any CPU
	EndGlobalSection
	GlobalSection(SolutionProperties) = preSolution
		HideSolutionNode = FALSE
	EndGlobalSection
	GlobalSection(ExtensibilityGlobals) = postSolution
		SolutionGuid = {585B536A-971D-4286-8C86-F0ACE72CA745}
	EndGlobalSection
EndGlobal
